
Microsoft Visual Studio Solution File, Format Version 12.00
# Visual Studio Version 17
VisualStudioVersion = 17.1.32319.34
MinimumVisualStudioVersion = 10.0.40219.1
Project("{FAE04EC0-301F-11D3-BF4B-00C04F79EFBC}") = "Pipka", "Pipka\Pipka.csproj", "{ABD40EDB-718D-47C6-B934-3DD9BD959465}"
EndProject
Global
	GlobalSection(SolutionConfigurationPlatforms) = preSolution
		Debug|Any CPU = Debug|Any CPU
		Release|Any CPU = Release|Any CPU
	EndGlobalSection
	GlobalSection(ProjectConfigurationPlatforms) = postSolution
		{ABD40EDB-718D-47C6-B934-3DD9BD959465}.Debug|Any CPU.ActiveCfg = Debug|Any CPU
		{ABD40EDB-718D-47C6-B934-3DD9BD959465}.Debug|Any CPU.Build.0 = Debug|Any CPU
		{ABD40EDB-718D-47C6-B934-3DD9BD959465}.Release|Any CPU.ActiveCfg = Release|Any CPU
		{ABD40EDB-718D-47C6-B934-3DD9BD959465}.Release|Any CPU.Build.0 = Release|Any CPU
	EndGlobalSection
	GlobalSection(SolutionProperties) = preSolution
		HideSolutionNode = FALSE
	EndGlobalSection
	GlobalSection(ExtensibilityGlobals) = postSolution
		SolutionGuid = {B98E64AC-4FC3-49AF-A749-850C69A28A3E}
	EndGlobalSection
EndGlobal
